// !$*UTF8*$!
{
	archiveVersion = 1;
	classes = {
	};
	objectVersion = 48;
	objects = {

/* Begin PBXBuildFile section */
		021005BF1FAC417000EB547F /* MainFileController.swift in Sources */ = {isa = PBXBuildFile; fileRef = 021005BE1FAC417000EB547F /* MainFileController.swift */; };
		021005C11FAC418600EB547F /* MainFileModel.swift in Sources */ = {isa = PBXBuildFile; fileRef = 021005C01FAC418600EB547F /* MainFileModel.swift */; };
		021005C31FAC419500EB547F /* MainFileCell.swift in Sources */ = {isa = PBXBuildFile; fileRef = 021005C21FAC419500EB547F /* MainFileCell.swift */; };
		021005C61FAC41BD00EB547F /* ListGridDataSource.swift in Sources */ = {isa = PBXBuildFile; fileRef = 021005C51FAC41BD00EB547F /* ListGridDataSource.swift */; };
		021005C81FAC41CE00EB547F /* ListGridLayout.swift in Sources */ = {isa = PBXBuildFile; fileRef = 021005C71FAC41CE00EB547F /* ListGridLayout.swift */; };
		021005CA1FAC41D600EB547F /* ListGridUtils.swift in Sources */ = {isa = PBXBuildFile; fileRef = 021005C91FAC41D600EB547F /* ListGridUtils.swift */; };
		02830F4C1FAC3D75003CA7C5 /* AppDelegate.swift in Sources */ = {isa = PBXBuildFile; fileRef = 02830F4B1FAC3D75003CA7C5 /* AppDelegate.swift */; };
		02830F531FAC3D75003CA7C5 /* Assets.xcassets in Resources */ = {isa = PBXBuildFile; fileRef = 02830F521FAC3D75003CA7C5 /* Assets.xcassets */; };
		02830F561FAC3D75003CA7C5 /* LaunchScreen.storyboard in Resources */ = {isa = PBXBuildFile; fileRef = 02830F541FAC3D75003CA7C5 /* LaunchScreen.storyboard */; };
		02830F611FAC3D75003CA7C5 /* iCocosListGridTests.swift in Sources */ = {isa = PBXBuildFile; fileRef = 02830F601FAC3D75003CA7C5 /* iCocosListGridTests.swift */; };
		02830F6C1FAC3D75003CA7C5 /* iCocosListGridUITests.swift in Sources */ = {isa = PBXBuildFile; fileRef = 02830F6B1FAC3D75003CA7C5 /* iCocosListGridUITests.swift */; };
/* End PBXBuildFile section */

/* Begin PBXContainerItemProxy section */
		02830F5D1FAC3D75003CA7C5 /* PBXContainerItemProxy */ = {
			isa = PBXContainerItemProxy;
			containerPortal = 02830F401FAC3D75003CA7C5 /* Project object */;
			proxyType = 1;
			remoteGlobalIDString = 02830F471FAC3D75003CA7C5;
			remoteInfo = iCocosListGrid;
		};
		02830F681FAC3D75003CA7C5 /* PBXContainerItemProxy */ = {
			isa = PBXContainerItemProxy;
			containerPortal = 02830F401FAC3D75003CA7C5 /* Project object */;
			proxyType = 1;
			remoteGlobalIDString = 02830F471FAC3D75003CA7C5;
			remoteInfo = iCocosListGrid;
		};
/* End PBXContainerItemProxy section */

/* Begin PBXFileReference section */
		021005BE1FAC417000EB547F /* MainFileController.swift */ = {isa = PBXFileReference; lastKnownFileType = sourcecode.swift; path = MainFileController.swift; sourceTree = "<group>"; };
		021005C01FAC418600EB547F /* MainFileModel.swift */ = {isa = PBXFileReference; lastKnownFileType = sourcecode.swift; path = MainFileModel.swift; sourceTree = "<group>"; };
		021005C21FAC419500EB547F /* MainFileCell.swift */ = {isa = PBXFileReference; lastKnownFileType = sourcecode.swift; path = MainFileCell.swift; sourceTree = "<group>"; };
		021005C51FAC41BD00EB547F /* ListGridDataSource.swift */ = {isa = PBXFileReference; lastKnownFileType = sourcecode.swift; path = ListGridDataSource.swift; sourceTree = "<group>"; };
		021005C71FAC41CE00EB547F /* ListGridLayout.swift */ = {isa = PBXFileReference; lastKnownFileType = sourcecode.swift; path = ListGridLayout.swift; sourceTree = "<group>"; };
		021005C91FAC41D600EB547F /* ListGridUtils.swift */ = {isa = PBXFileReference; lastKnownFileType = sourcecode.swift; path = ListGridUtils.swift; sourceTree = "<group>"; };
		02830F481FAC3D75003CA7C5 /* iCocosListGrid.app */ = {isa = PBXFileReference; explicitFileType = wrapper.application; includeInIndex = 0; path = iCocosListGrid.app; sourceTree = BUILT_PRODUCTS_DIR; };
		02830F4B1FAC3D75003CA7C5 /* AppDelegate.swift */ = {isa = PBXFileReference; lastKnownFileType = sourcecode.swift; path = AppDelegate.swift; sourceTree = "<group>"; };
		02830F521FAC3D75003CA7C5 /* Assets.xcassets */ = {isa = PBXFileReference; lastKnownFileType = folder.assetcatalog; path = Assets.xcassets; sourceTree = "<group>"; };
		02830F551FAC3D75003CA7C5 /* Base */ = {isa = PBXFileReference; lastKnownFileType = file.storyboard; name = Base; path = Base.lproj/LaunchScreen.storyboard; sourceTree = "<group>"; };
		02830F571FAC3D75003CA7C5 /* Info.plist */ = {isa = PBXFileReference; lastKnownFileType = text.plist.xml; path = Info.plist; sourceTree = "<group>"; };
		02830F5C1FAC3D75003CA7C5 /* iCocosListGridTests.xctest */ = {isa = PBXFileReference; explicitFileType = wrapper.cfbundle; includeInIndex = 0; path = iCocosListGridTests.xctest; sourceTree = BUILT_PRODUCTS_DIR; };
		02830F601FAC3D75003CA7C5 /* iCocosListGridTests.swift */ = {isa = PBXFileReference; lastKnownFileType = sourcecode.swift; path = iCocosListGridTests.swift; sourceTree = "<group>"; };
		02830F621FAC3D75003CA7C5 /* Info.plist */ = {isa = PBXFileReference; lastKnownFileType = text.plist.xml; path = Info.plist; sourceTree = "<group>"; };
		02830F671FAC3D75003CA7C5 /* iCocosListGridUITests.xctest */ = {isa = PBXFileReference; explicitFileType = wrapper.cfbundle; includeInIndex = 0; path = iCocosListGridUITests.xctest; sourceTree = BUILT_PRODUCTS_DIR; };
		02830F6B1FAC3D75003CA7C5 /* iCocosListGridUITests.swift */ = {isa = PBXFileReference; lastKnownFileType = sourcecode.swift; path = iCocosListGridUITests.swift; sourceTree = "<group>"; };
		02830F6D1FAC3D75003CA7C5 /* Info.plist */ = {isa = PBXFileReference; lastKnownFileType = text.plist.xml; path = Info.plist; sourceTree = "<group>"; };
/* End PBXFileReference section */

/* Begin PBXFrameworksBuildPhase section */
		02830F451FAC3D75003CA7C5 /* Frameworks */ = {
			isa = PBXFrameworksBuildPhase;
			buildActionMask = 2147483647;
			files = (
			);
			runOnlyForDeploymentPostprocessing = 0;
		};
		02830F591FAC3D75003CA7C5 /* Frameworks */ = {
			isa = PBXFrameworksBuildPhase;
			buildActionMask = 2147483647;
			files = (
			);
			runOnlyForDeploymentPostprocessing = 0;
		};
		02830F641FAC3D75003CA7C5 /* Frameworks */ = {
			isa = PBXFrameworksBuildPhase;
			buildActionMask = 2147483647;
			files = (
			);
			runOnlyForDeploymentPostprocessing = 0;
		};
/* End PBXFrameworksBuildPhase section */

/* Begin PBXGroup section */
		021005BD1FAC415C00EB547F /* ListGrid */ = {
			isa = PBXGroup;
			children = (
				021005C41FAC41B400EB547F /* iCocosListGrid */,
				021005BE1FAC417000EB547F /* MainFileController.swift */,
				021005C01FAC418600EB547F /* MainFileModel.swift */,
				021005C21FAC419500EB547F /* MainFileCell.swift */,
			);
			path = ListGrid;
			sourceTree = "<group>";
		};
		021005C41FAC41B400EB547F /* iCocosListGrid */ = {
			isa = PBXGroup;
			children = (
				021005C51FAC41BD00EB547F /* ListGridDataSource.swift */,
				021005C71FAC41CE00EB547F /* ListGridLayout.swift */,
				021005C91FAC41D600EB547F /* ListGridUtils.swift */,
			);
			path = iCocosListGrid;
			sourceTree = "<group>";
		};
		02830F3F1FAC3D75003CA7C5 = {
			isa = PBXGroup;
			children = (
				02830F4A1FAC3D75003CA7C5 /* iCocosListGrid */,
				02830F5F1FAC3D75003CA7C5 /* iCocosListGridTests */,
				02830F6A1FAC3D75003CA7C5 /* iCocosListGridUITests */,
				02830F491FAC3D75003CA7C5 /* Products */,
			);
			sourceTree = "<group>";
		};
		02830F491FAC3D75003CA7C5 /* Products */ = {
			isa = PBXGroup;
			children = (
				02830F481FAC3D75003CA7C5 /* iCocosListGrid.app */,
				02830F5C1FAC3D75003CA7C5 /* iCocosListGridTests.xctest */,
				02830F671FAC3D75003CA7C5 /* iCocosListGridUITests.xctest */,
			);
			name = Products;
			sourceTree = "<group>";
		};
		02830F4A1FAC3D75003CA7C5 /* iCocosListGrid */ = {
			isa = PBXGroup;
			children = (
				021005BD1FAC415C00EB547F /* ListGrid */,
				02830F4B1FAC3D75003CA7C5 /* AppDelegate.swift */,
				02830F521FAC3D75003CA7C5 /* Assets.xcassets */,
				02830F541FAC3D75003CA7C5 /* LaunchScreen.storyboard */,
				02830F571FAC3D75003CA7C5 /* Info.plist */,
			);
			path = iCocosListGrid;
			sourceTree = "<group>";
		};
		02830F5F1FAC3D75003CA7C5 /* iCocosListGridTests */ = {
			isa = PBXGroup;
			children = (
				02830F601FAC3D75003CA7C5 /* iCocosListGridTests.swift */,
				02830F621FAC3D75003CA7C5 /* Info.plist */,
			);
			path = iCocosListGridTests;
			sourceTree = "<group>";
		};
		02830F6A1FAC3D75003CA7C5 /* iCocosListGridUITests */ = {
			isa = PBXGroup;
			children = (
				02830F6B1FAC3D75003CA7C5 /* iCocosListGridUITests.swift */,
				02830F6D1FAC3D75003CA7C5 /* Info.plist */,
			);
			path = iCocosListGridUITests;
			sourceTree = "<group>";
		};
/* End PBXGroup section */

/* Begin PBXNativeTarget section */
		02830F471FAC3D75003CA7C5 /* iCocosListGrid */ = {
			isa = PBXNativeTarget;
			buildConfigurationList = 02830F701FAC3D75003CA7C5 /* Build configuration list for PBXNativeTarget "iCocosListGrid" */;
			buildPhases = (
				02830F441FAC3D75003CA7C5 /* Sources */,
				02830F451FAC3D75003CA7C5 /* Frameworks */,
				02830F461FAC3D75003CA7C5 /* Resources */,
			);
			buildRules = (
			);
			dependencies = (
			);
			name = iCocosListGrid;
			productName = iCocosListGrid;
			productReference = 02830F481FAC3D75003CA7C5 /* iCocosListGrid.app */;
			productType = "com.apple.product-type.application";
		};
		02830F5B1FAC3D75003CA7C5 /* iCocosListGridTests */ = {
			isa = PBXNativeTarget;
			buildConfigurationList = 02830F731FAC3D75003CA7C5 /* Build configuration list for PBXNativeTarget "iCocosListGridTests" */;
			buildPhases = (
				02830F581FAC3D75003CA7C5 /* Sources */,
				02830F591FAC3D75003CA7C5 /* Frameworks */,
				02830F5A1FAC3D75003CA7C5 /* Resources */,
			);
			buildRules = (
			);
			dependencies = (
				02830F5E1FAC3D75003CA7C5 /* PBXTargetDependency */,
			);
			name = iCocosListGridTests;
			productName = iCocosListGridTests;
			productReference = 02830F5C1FAC3D75003CA7C5 /* iCocosListGridTests.xctest */;
			productType = "com.apple.product-type.bundle.unit-test";
		};
		02830F661FAC3D75003CA7C5 /* iCocosListGridUITests */ = {
			isa = PBXNativeTarget;
			buildConfigurationList = 02830F761FAC3D75003CA7C5 /* Build configuration list for PBXNativeTarget "iCocosListGridUITests" */;
			buildPhases = (
				02830F631FAC3D75003CA7C5 /* Sources */,
				02830F641FAC3D75003CA7C5 /* Frameworks */,
				02830F651FAC3D75003CA7C5 /* Resources */,
			);
			buildRules = (
			);
			dependencies = (
				02830F691FAC3D75003CA7C5 /* PBXTargetDependency */,
			);
			name = iCocosListGridUITests;
			productName = iCocosListGridUITests;
			productReference = 02830F671FAC3D75003CA7C5 /* iCocosListGridUITests.xctest */;
			productType = "com.apple.product-type.bundle.ui-testing";
		};
/* End PBXNativeTarget section */

/* Begin PBXProject section */
		02830F401FAC3D75003CA7C5 /* Project object */ = {
			isa = PBXProject;
			attributes = {
				LastSwiftUpdateCheck = 0900;
				LastUpgradeCheck = 0900;
				ORGANIZATIONNAME = iCocos;
				TargetAttributes = {
					02830F471FAC3D75003CA7C5 = {
						CreatedOnToolsVersion = 9.0;
						ProvisioningStyle = Manual;
					};
					02830F5B1FAC3D75003CA7C5 = {
						CreatedOnToolsVersion = 9.0;
						ProvisioningStyle = Automatic;
						TestTargetID = 02830F471FAC3D75003CA7C5;
					};
					02830F661FAC3D75003CA7C5 = {
						CreatedOnToolsVersion = 9.0;
						ProvisioningStyle = Automatic;
						TestTargetID = 02830F471FAC3D75003CA7C5;
					};
				};
			};
			buildConfigurationList = 02830F431FAC3D75003CA7C5 /* Build configuration list for PBXProject "iCocosListGrid" */;
			compatibilityVersion = "Xcode 8.0";
			developmentRegion = en;
			hasScannedForEncodings = 0;
			knownRegions = (
				en,
				Base,
			);
			mainGroup = 02830F3F1FAC3D75003CA7C5;
			productRefGroup = 02830F491FAC3D75003CA7C5 /* Products */;
			projectDirPath = "";
			projectRoot = "";
			targets = (
				02830F471FAC3D75003CA7C5 /* iCocosListGrid */,
				02830F5B1FAC3D75003CA7C5 /* iCocosListGridTests */,
				02830F661FAC3D75003CA7C5 /* iCocosListGridUITests */,
			);
		};
/* End PBXProject section */

/* Begin PBXResourcesBuildPhase section */
		02830F461FAC3D75003CA7C5 /* Resources */ = {
			isa = PBXResourcesBuildPhase;
			buildActionMask = 2147483647;
			files = (
				02830F561FAC3D75003CA7C5 /* LaunchScreen.storyboard in Resources */,
				02830F531FAC3D75003CA7C5 /* Assets.xcassets in Resources */,
			);
			runOnlyForDeploymentPostprocessing = 0;
		};
		02830F5A1FAC3D75003CA7C5 /* Resources */ = {
			isa = PBXResourcesBuildPhase;
			buildActionMask = 2147483647;
			files = (
			);
			runOnlyForDeploymentPostprocessing = 0;
		};
		02830F651FAC3D75003CA7C5 /* Resources */ = {
			isa = PBXResourcesBuildPhase;
			buildActionMask = 2147483647;
			files = (
			);
			runOnlyForDeploymentPostprocessing = 0;
		};
/* End PBXResourcesBuildPhase section */

/* Begin PBXSourcesBuildPhase section */
		02830F441FAC3D75003CA7C5 /* Sources */ = {
			isa = PBXSourcesBuildPhase;
			buildActionMask = 2147483647;
			files = (
				021005BF1FAC417000EB547F /* MainFileController.swift in Sources */,
				021005C81FAC41CE00EB547F /* ListGridLayout.swift in Sources */,
				02830F4C1FAC3D75003CA7C5 /* AppDelegate.swift in Sources */,
				021005CA1FAC41D600EB547F /* ListGridUtils.swift in Sources */,
				021005C61FAC41BD00EB547F /* ListGridDataSource.swift in Sources */,
				021005C31FAC419500EB547F /* MainFileCell.swift in Sources */,
				021005C11FAC418600EB547F /* MainFileModel.swift in Sources */,
			);
			runOnlyForDeploymentPostprocessing = 0;
		};
		02830F581FAC3D75003CA7C5 /* Sources */ = {
			isa = PBXSourcesBuildPhase;
			buildActionMask = 2147483647;
			files = (
				02830F611FAC3D75003CA7C5 /* iCocosListGridTests.swift in Sources */,
			);
			runOnlyForDeploymentPostprocessing = 0;
		};
		02830F631FAC3D75003CA7C5 /* Sources */ = {
			isa = PBXSourcesBuildPhase;
			buildActionMask = 2147483647;
			files = (
				02830F6C1FAC3D75003CA7C5 /* iCocosListGridUITests.swift in Sources */,
			);
			runOnlyForDeploymentPostprocessing = 0;
		};
/* End PBXSourcesBuildPhase section */

/* Begin PBXTargetDependency section */
		02830F5E1FAC3D75003CA7C5 /* PBXTargetDependency */ = {
			isa = PBXTargetDependency;
			target = 02830F471FAC3D75003CA7C5 /* iCocosListGrid */;
			targetProxy = 02830F5D1FAC3D75003CA7C5 /* PBXContainerItemProxy */;
		};
		02830F691FAC3D75003CA7C5 /* PBXTargetDependency */ = {
			isa = PBXTargetDependency;
			target = 02830F471FAC3D75003CA7C5 /* iCocosListGrid */;
			targetProxy = 02830F681FAC3D75003CA7C5 /* PBXContainerItemProxy */;
		};
/* End PBXTargetDependency section */

/* Begin PBXVariantGroup section */
		02830F541FAC3D75003CA7C5 /* LaunchScreen.storyboard */ = {
			isa = PBXVariantGroup;
			children = (
				02830F551FAC3D75003CA7C5 /* Base */,
			);
			name = LaunchScreen.storyboard;
			sourceTree = "<group>";
		};
/* End PBXVariantGroup section */

/* Begin XCBuildConfiguration section */
		02830F6E1FAC3D75003CA7C5 /* Debug */ = {
			isa = XCBuildConfiguration;
			buildSettings = {
				ALWAYS_SEARCH_USER_PATHS = NO;
				CLANG_ANALYZER_NONNULL = YES;
				CLANG_ANALYZER_NUMBER_OBJECT_CONVERSION = YES_AGGRESSIVE;
				CLANG_CXX_LANGUAGE_STANDARD = "gnu++14";
				CLANG_CXX_LIBRARY = "libc++";
				CLANG_ENABLE_MODULES = YES;
				CLANG_ENABLE_OBJC_ARC = YES;
				CLANG_WARN_BLOCK_CAPTURE_AUTORELEASING = YES;
				CLANG_WARN_BOOL_CONVERSION = YES;
				CLANG_WARN_COMMA = YES;
				CLANG_WARN_CONSTANT_CONVERSION = YES;
				CLANG_WARN_DIRECT_OBJC_ISA_USAGE = YES_ERROR;
				CLANG_WARN_DOCUMENTATION_COMMENTS = YES;
				CLANG_WARN_EMPTY_BODY = YES;
				CLANG_WARN_ENUM_CONVERSION = YES;
				CLANG_WARN_INFINITE_RECURSION = YES;
				CLANG_WARN_INT_CONVERSION = YES;
				CLANG_WARN_NON_LITERAL_NULL_CONVERSION = YES;
				CLANG_WARN_OBJC_LITERAL_CONVERSION = YES;
				CLANG_WARN_OBJC_ROOT_CLASS = YES_ERROR;
				CLANG_WARN_RANGE_LOOP_ANALYSIS = YES;
				CLANG_WARN_STRICT_PROTOTYPES = YES;
				CLANG_WARN_SUSPICIOUS_MOVE = YES;
				CLANG_WARN_UNGUARDED_AVAILABILITY = YES_AGGRESSIVE;
				CLANG_WARN_UNREACHABLE_CODE = YES;
				CLANG_WARN__DUPLICATE_METHOD_MATCH = YES;
				CODE_SIGN_IDENTITY = "iPhone Developer";
				COPY_PHASE_STRIP = NO;
				DEBUG_INFORMATION_FORMAT = dwarf;
				ENABLE_STRICT_OBJC_MSGSEND = YES;
				ENABLE_TESTABILITY = YES;
				GCC_C_LANGUAGE_STANDARD = gnu11;
				GCC_DYNAMIC_NO_PIC = NO;
				GCC_NO_COMMON_BLOCKS = YES;
				GCC_OPTIMIZATION_LEVEL = 0;
				GCC_PREPROCESSOR_DEFINITIONS = (
					"DEBUG=1",
					"$(inherited)",
				);
				GCC_WARN_64_TO_32_BIT_CONVERSION = YES;
				GCC_WARN_ABOUT_RETURN_TYPE = YES_ERROR;
				GCC_WARN_UNDECLARED_SELECTOR = YES;
				GCC_WARN_UNINITIALIZED_AUTOS = YES_AGGRESSIVE;
				GCC_WARN_UNUSED_FUNCTION = YES;
				GCC_WARN_UNUSED_VARIABLE = YES;
				IPHONEOS_DEPLOYMENT_TARGET = 11.0;
				MTL_ENABLE_DEBUG_INFO = YES;
				ONLY_ACTIVE_ARCH = YES;
				SDKROOT = iphoneos;
				SWIFT_ACTIVE_COMPILATION_CONDITIONS = DEBUG;
				SWIFT_OPTIMIZATION_LEVEL = "-Onone";
			};
			name = Debug;
		};
		02830F6F1FAC3D75003CA7C5 /* Release */ = {
			isa = XCBuildConfiguration;
			buildSettings = {
				ALWAYS_SEARCH_USER_PATHS = NO;
				CLANG_ANALYZER_NONNULL = YES;
				CLANG_ANALYZER_NUMBER_OBJECT_CONVERSION = YES_AGGRESSIVE;
				CLANG_CXX_LANGUAGE_STANDARD = "gnu++14";
				CLANG_CXX_LIBRARY = "libc++";
				CLANG_ENABLE_MODULES = YES;
				CLANG_ENABLE_OBJC_ARC = YES;
				CLANG_WARN_BLOCK_CAPTURE_AUTORELEASING = YES;
				CLANG_WARN_BOOL_CONVERSION = YES;
				CLANG_WARN_COMMA = YES;
				CLANG_WARN_CONSTANT_CONVERSION = YES;
				CLANG_WARN_DIRECT_OBJC_ISA_USAGE = YES_ERROR;
				CLANG_WARN_DOCUMENTATION_COMMENTS = YES;
				CLANG_WARN_EMPTY_BODY = YES;
				CLANG_WARN_ENUM_CONVERSION = YES;
				CLANG_WARN_INFINITE_RECURSION = YES;
				CLANG_WARN_INT_CONVERSION = YES;
				CLANG_WARN_NON_LITERAL_NULL_CONVERSION = YES;
				CLANG_WARN_OBJC_LITERAL_CONVERSION = YES;
				CLANG_WARN_OBJC_ROOT_CLASS = YES_ERROR;
				CLANG_WARN_RANGE_LOOP_ANALYSIS = YES;
				CLANG_WARN_STRICT_PROTOTYPES = YES;
				CLANG_WARN_SUSPICIOUS_MOVE = YES;
				CLANG_WARN_UNGUARDED_AVAILABILITY = YES_AGGRESSIVE;
				CLANG_WARN_UNREACHABLE_CODE = YES;
				CLANG_WARN__DUPLICATE_METHOD_MATCH = YES;
				CODE_SIGN_IDENTITY = "iPhone Developer";
				COPY_PHASE_STRIP = NO;
				DEBUG_INFORMATION_FORMAT = "dwarf-with-dsym";
				ENABLE_NS_ASSERTIONS = NO;
				ENABLE_STRICT_OBJC_MSGSEND = YES;
				GCC_C_LANGUAGE_STANDARD = gnu11;
				GCC_NO_COMMON_BLOCKS = YES;
				GCC_WARN_64_TO_32_BIT_CONVERSION = YES;
				GCC_WARN_ABOUT_RETURN_TYPE = YES_ERROR;
				GCC_WARN_UNDECLARED_SELECTOR = YES;
				GCC_WARN_UNINITIALIZED_AUTOS = YES_AGGRESSIVE;
				GCC_WARN_UNUSED_FUNCTION = YES;
				GCC_WARN_UNUSED_VARIABLE = YES;
				IPHONEOS_DEPLOYMENT_TARGET = 11.0;
				MTL_ENABLE_DEBUG_INFO = NO;
				SDKROOT = iphoneos;
				SWIFT_OPTIMIZATION_LEVEL = "-Owholemodule";
				VALIDATE_PRODUCT = YES;
			};
			name = Release;
		};
		02830F711FAC3D75003CA7C5 /* Debug */ = {
			isa = XCBuildConfiguration;
			buildSettings = {
				ASSETCATALOG_COMPILER_APPICON_NAME = AppIcon;
				CODE_SIGN_STYLE = Manual;
				DEVELOPMENT_TEAM = RF3D9852ET;
				INFOPLIST_FILE = iCocosListGrid/Info.plist;
				LD_RUNPATH_SEARCH_PATHS = "$(inherited) @executable_path/Frameworks";
				PRODUCT_BUNDLE_IDENTIFIER = iCocos.iCocosListGrid;
				PRODUCT_NAME = "$(TARGET_NAME)";
				PROVISIONING_PROFILE = "78b8b1e1-88a5-4d5d-ba83-2a804e70fca5";
				PROVISIONING_PROFILE_SPECIFIER = "115IH Develop: *";
				SWIFT_VERSION = 4.0;
				TARGETED_DEVICE_FAMILY = "1,2";
			};
			name = Debug;
		};
		02830F721FAC3D75003CA7C5 /* Release */ = {
			isa = XCBuildConfiguration;
			buildSettings = {
				ASSETCATALOG_COMPILER_APPICON_NAME = AppIcon;
				CODE_SIGN_STYLE = Manual;
				DEVELOPMENT_TEAM = "";
				INFOPLIST_FILE = iCocosListGrid/Info.plist;
				LD_RUNPATH_SEARCH_PATHS = "$(inherited) @executable_path/Frameworks";
				PRODUCT_BUNDLE_IDENTIFIER = iCocos.iCocosListGrid;
				PRODUCT_NAME = "$(TARGET_NAME)";
				PROVISIONING_PROFILE_SPECIFIER = "";
				SWIFT_VERSION = 4.0;
				TARGETED_DEVICE_FAMILY = "1,2";
			};
			name = Release;
		};
		02830F741FAC3D75003CA7C5 /* Debug */ = {
			isa = XCBuildConfiguration;
			buildSettings = {
				ALWAYS_EMBED_SWIFT_STANDARD_LIBRARIES = YES;
				BUNDLE_LOADER = "$(TEST_HOST)";
				CODE_SIGN_STYLE = Automatic;
				INFOPLIST_FILE = iCocosListGridTests/Info.plist;
				LD_RUNPATH_SEARCH_PATHS = "$(inherited) @executable_path/Frameworks @loader_path/Frameworks";
				PRODUCT_BUNDLE_IDENTIFIER = iCocos.iCocosListGridTests;
				PRODUCT_NAME = "$(TARGET_NAME)";
				SWIFT_VERSION = 4.0;
				TARGETED_DEVICE_FAMILY = "1,2";
				TEST_HOST = "$(BUILT_PRODUCTS_DIR)/iCocosListGrid.app/iCocosListGrid";
			};
			name = Debug;
		};
		02830F751FAC3D75003CA7C5 /* Release */ = {
			isa = XCBuildConfiguration;
			buildSettings = {
				ALWAYS_EMBED_SWIFT_STANDARD_LIBRARIES = YES;
				BUNDLE_LOADER = "$(TEST_HOST)";
				CODE_SIGN_STYLE = Automatic;
				INFOPLIST_FILE = iCocosListGridTests/Info.plist;
				LD_RUNPATH_SEARCH_PATHS = "$(inherited) @executable_path/Frameworks @loader_path/Frameworks";
				PRODUCT_BUNDLE_IDENTIFIER = iCocos.iCocosListGridTests;
				PRODUCT_NAME = "$(TARGET_NAME)";
				SWIFT_VERSION = 4.0;
				TARGETED_DEVICE_FAMILY = "1,2";
				TEST_HOST = "$(BUILT_PRODUCTS_DIR)/iCocosListGrid.app/iCocosListGrid";
			};
			name = Release;
		};
		02830F771FAC3D75003CA7C5 /* Debug */ = {
			isa = XCBuildConfiguration;
			buildSettings = {
				ALWAYS_EMBED_SWIFT_STANDARD_LIBRARIES = YES;
				CODE_SIGN_STYLE = Automatic;
				INFOPLIST_FILE = iCocosListGridUITests/Info.plist;
				LD_RUNPATH_SEARCH_PATHS = "$(inherited) @executable_path/Frameworks @loader_path/Frameworks";
				PRODUCT_BUNDLE_IDENTIFIER = iCocos.iCocosListGridUITests;
				PRODUCT_NAME = "$(TARGET_NAME)";
				SWIFT_VERSION = 4.0;
				TARGETED_DEVICE_FAMILY = "1,2";
				TEST_TARGET_NAME = iCocosListGrid;
			};
			name = Debug;
		};
		02830F781FAC3D75003CA7C5 /* Release */ = {
			isa = XCBuildConfiguration;
			buildSettings = {
				ALWAYS_EMBED_SWIFT_STANDARD_LIBRARIES = YES;
				CODE_SIGN_STYLE = Automatic;
				INFOPLIST_FILE = iCocosListGridUITests/Info.plist;
				LD_RUNPATH_SEARCH_PATHS = "$(inherited) @executable_path/Frameworks @loader_path/Frameworks";
				PRODUCT_BUNDLE_IDENTIFIER = iCocos.iCocosListGridUITests;
				PRODUCT_NAME = "$(TARGET_NAME)";
				SWIFT_VERSION = 4.0;
				TARGETED_DEVICE_FAMILY = "1,2";
				TEST_TARGET_NAME = iCocosListGrid;
			};
			name = Release;
		};
/* End XCBuildConfiguration section */

/* Begin XCConfigurationList section */
		02830F431FAC3D75003CA7C5 /* Build configuration list for PBXProject "iCocosListGrid" */ = {
			isa = XCConfigurationList;
			buildConfigurations = (
				02830F6E1FAC3D75003CA7C5 /* Debug */,
				02830F6F1FAC3D75003CA7C5 /* Release */,
			);
			defaultConfigurationIsVisible = 0;
			defaultConfigurationName = Release;
		};
		02830F701FAC3D75003CA7C5 /* Build configuration list for PBXNativeTarget "iCocosListGrid" */ = {
			isa = XCConfigurationList;
			buildConfigurations = (
				02830F711FAC3D75003CA7C5 /* Debug */,
				02830F721FAC3D75003CA7C5 /* Release */,
			);
			defaultConfigurationIsVisible = 0;
			defaultConfigurationName = Release;
		};
		02830F731FAC3D75003CA7C5 /* Build configuration list for PBXNativeTarget "iCocosListGridTests" */ = {
			isa = XCConfigurationList;
			buildConfigurations = (
				02830F741FAC3D75003CA7C5 /* Debug */,
				02830F751FAC3D75003CA7C5 /* Release */,
			);
			defaultConfigurationIsVisible = 0;
			defaultConfigurationName = Release;
		};
		02830F761FAC3D75003CA7C5 /* Build configuration list for PBXNativeTarget "iCocosListGridUITests" */ = {
			isa = XCConfigurationList;
			buildConfigurations = (
				02830F771FAC3D75003CA7C5 /* Debug */,
				02830F781FAC3D75003CA7C5 /* Release */,
			);
			defaultConfigurationIsVisible = 0;
			defaultConfigurationName = Release;
		};
/* End XCConfigurationList section */
	};
	rootObject = 02830F401FAC3D75003CA7C5 /* Project object */;
}
